// !$*UTF8*$!
{
	archiveVersion = 1;
	classes = {
	};
	objectVersion = 46;
	objects = {

/* Begin PBXBuildFile section */
		ED4D24961C23F21D00DE827A /* StarRatingMask.png in Resources */ = {isa = PBXBuildFile; fileRef = ED4D24931C23F21D00DE827A /* StarRatingMask.png */; };
		ED4D24971C23F21D00DE827A /* StarRatingMask@2x.png in Resources */ = {isa = PBXBuildFile; fileRef = ED4D24941C23F21D00DE827A /* StarRatingMask@2x.png */; };
		ED4D24981C23F21D00DE827A /* StarRatingMask@3x.png in Resources */ = {isa = PBXBuildFile; fileRef = ED4D24951C23F21D00DE827A /* StarRatingMask@3x.png */; };
		ED812E941C319BF2001BA302 /* UIColor+ColorExtensions.m in Sources */ = {isa = PBXBuildFile; fileRef = ED812E931C319BF2001BA302 /* UIColor+ColorExtensions.m */; };
		ED812E981C319C0E001BA302 /* AppDelegate.m in Sources */ = {isa = PBXBuildFile; fileRef = ED812E971C319C0E001BA302 /* AppDelegate.m */; };
		ED812E9B1C319C1A001BA302 /* Product.m in Sources */ = {isa = PBXBuildFile; fileRef = ED812E9A1C319C1A001BA302 /* Product.m */; };
		ED812E9E1C319C25001BA302 /* ProductJSONReader.m in Sources */ = {isa = PBXBuildFile; fileRef = ED812E9D1C319C25001BA302 /* ProductJSONReader.m */; };
		ED812EA11C319C33001BA302 /* ProductDataManager.m in Sources */ = {isa = PBXBuildFile; fileRef = ED812EA01C319C33001BA302 /* ProductDataManager.m */; };
		ED812EA41C319C40001BA302 /* WalmartAPIManager.m in Sources */ = {isa = PBXBuildFile; fileRef = ED812EA31C319C40001BA302 /* WalmartAPIManager.m */; };
		ED812EA71C319C54001BA302 /* MasterViewController.m in Sources */ = {isa = PBXBuildFile; fileRef = ED812EA61C319C54001BA302 /* MasterViewController.m */; };
		ED812EAA1C319C62001BA302 /* ProductListTableViewCell.m in Sources */ = {isa = PBXBuildFile; fileRef = ED812EA91C319C62001BA302 /* ProductListTableViewCell.m */; };
		ED812EAD1C319C72001BA302 /* DetailViewController.m in Sources */ = {isa = PBXBuildFile; fileRef = ED812EAC1C319C72001BA302 /* DetailViewController.m */; };
		ED812EB01C319C7F001BA302 /* MainDetailViewCell.m in Sources */ = {isa = PBXBuildFile; fileRef = ED812EAF1C319C7F001BA302 /* MainDetailViewCell.m */; };
		ED812EB31C319C89001BA302 /* HTMLContentCell.m in Sources */ = {isa = PBXBuildFile; fileRef = ED812EB21C319C89001BA302 /* HTMLContentCell.m */; };
		ED812EB61C319C94001BA302 /* StarRatingView.m in Sources */ = {isa = PBXBuildFile; fileRef = ED812EB51C319C94001BA302 /* StarRatingView.m */; };
		ED812EB91C319C9E001BA302 /* VariableFontSizePriceView.m in Sources */ = {isa = PBXBuildFile; fileRef = ED812EB81C319C9E001BA302 /* VariableFontSizePriceView.m */; };
		ED812EBC1C319CAE001BA302 /* ActivityIndicatorWithBezel.m in Sources */ = {isa = PBXBuildFile; fileRef = ED812EBB1C319CAE001BA302 /* ActivityIndicatorWithBezel.m */; };
		ED812EDC1C325B23001BA302 /* product_data.json in Resources */ = {isa = PBXBuildFile; fileRef = ED812ED11C325B23001BA302 /* product_data.json */; };
		ED812EE01C325B71001BA302 /* WalmartAPIMockData.m in Sources */ = {isa = PBXBuildFile; fileRef = ED812EDF1C325B71001BA302 /* WalmartAPIMockData.m */; };
		EDB958791C212FDE00764BC3 /* NavBarLogo.png in Resources */ = {isa = PBXBuildFile; fileRef = EDB958761C212FDE00764BC3 /* NavBarLogo.png */; };
		EDB9587A1C212FDE00764BC3 /* NavBarLogo@2x.png in Resources */ = {isa = PBXBuildFile; fileRef = EDB958771C212FDE00764BC3 /* NavBarLogo@2x.png */; };
		EDB9587B1C212FDE00764BC3 /* NavBarLogo@3x.png in Resources */ = {isa = PBXBuildFile; fileRef = EDB958781C212FDE00764BC3 /* NavBarLogo@3x.png */; };
		EDDDA37E1C20BA5D00F6C99D /* main.m in Sources */ = {isa = PBXBuildFile; fileRef = EDDDA37D1C20BA5D00F6C99D /* main.m */; };
		EDDDA3891C20BA5D00F6C99D /* Assets.xcassets in Resources */ = {isa = PBXBuildFile; fileRef = EDDDA3881C20BA5D00F6C99D /* Assets.xcassets */; };
/* End PBXBuildFile section */

/* Begin PBXFileReference section */
		ED4D24931C23F21D00DE827A /* StarRatingMask.png */ = {isa = PBXFileReference; lastKnownFileType = image.png; name = StarRatingMask.png; path = Resources/Images/StarRatingMask.png; sourceTree = "<group>"; };
		ED4D24941C23F21D00DE827A /* StarRatingMask@2x.png */ = {isa = PBXFileReference; lastKnownFileType = image.png; name = "StarRatingMask@2x.png"; path = "Resources/Images/StarRatingMask@2x.png"; sourceTree = "<group>"; };
		ED4D24951C23F21D00DE827A /* StarRatingMask@3x.png */ = {isa = PBXFileReference; lastKnownFileType = image.png; name = "StarRatingMask@3x.png"; path = "Resources/Images/StarRatingMask@3x.png"; sourceTree = "<group>"; };
		ED812E921C319BF2001BA302 /* UIColor+ColorExtensions.h */ = {isa = PBXFileReference; fileEncoding = 4; lastKnownFileType = sourcecode.c.h; name = "UIColor+ColorExtensions.h"; path = "Classes/Extensions/UIColor+ColorExtensions.h"; sourceTree = "<group>"; };
		ED812E931C319BF2001BA302 /* UIColor+ColorExtensions.m */ = {isa = PBXFileReference; fileEncoding = 4; lastKnownFileType = sourcecode.c.objc; name = "UIColor+ColorExtensions.m"; path = "Classes/Extensions/UIColor+ColorExtensions.m"; sourceTree = "<group>"; };
		ED812E951C319C04001BA302 /* WalmartAPIManagerDelegate.h */ = {isa = PBXFileReference; lastKnownFileType = sourcecode.c.h; name = WalmartAPIManagerDelegate.h; path = Classes/Model/WalmartAPIManagerDelegate.h; sourceTree = "<group>"; };
		ED812E961C319C0E001BA302 /* AppDelegate.h */ = {isa = PBXFileReference; fileEncoding = 4; lastKnownFileType = sourcecode.c.h; name = AppDelegate.h; path = Classes/AppDelegate.h; sourceTree = "<group>"; };
		ED812E971C319C0E001BA302 /* AppDelegate.m */ = {isa = PBXFileReference; fileEncoding = 4; lastKnownFileType = sourcecode.c.objc; name = AppDelegate.m; path = Classes/AppDelegate.m; sourceTree = "<group>"; };
		ED812E991C319C1A001BA302 /* Product.h */ = {isa = PBXFileReference; fileEncoding = 4; lastKnownFileType = sourcecode.c.h; name = Product.h; path = Classes/Model/Product.h; sourceTree = "<group>"; };
		ED812E9A1C319C1A001BA302 /* Product.m */ = {isa = PBXFileReference; fileEncoding = 4; lastKnownFileType = sourcecode.c.objc; name = Product.m; path = Classes/Model/Product.m; sourceTree = "<group>"; };
		ED812E9C1C319C25001BA302 /* ProductJSONReader.h */ = {isa = PBXFileReference; fileEncoding = 4; lastKnownFileType = sourcecode.c.h; name = ProductJSONReader.h; path = Classes/Model/ProductJSONReader.h; sourceTree = "<group>"; };
		ED812E9D1C319C25001BA302 /* ProductJSONReader.m */ = {isa = PBXFileReference; fileEncoding = 4; lastKnownFileType = sourcecode.c.objc; name = ProductJSONReader.m; path = Classes/Model/ProductJSONReader.m; sourceTree = "<group>"; };
		ED812E9F1C319C33001BA302 /* ProductDataManager.h */ = {isa = PBXFileReference; fileEncoding = 4; lastKnownFileType = sourcecode.c.h; name = ProductDataManager.h; path = Classes/Model/ProductDataManager.h; sourceTree = "<group>"; };
		ED812EA01C319C33001BA302 /* ProductDataManager.m */ = {isa = PBXFileReference; fileEncoding = 4; lastKnownFileType = sourcecode.c.objc; name = ProductDataManager.m; path = Classes/Model/ProductDataManager.m; sourceTree = "<group>"; };
		ED812EA21C319C40001BA302 /* WalmartAPIManager.h */ = {isa = PBXFileReference; fileEncoding = 4; lastKnownFileType = sourcecode.c.h; name = WalmartAPIManager.h; path = Classes/Model/WalmartAPIManager.h; sourceTree = "<group>"; };
		ED812EA31C319C40001BA302 /* WalmartAPIManager.m */ = {isa = PBXFileReference; fileEncoding = 4; lastKnownFileType = sourcecode.c.objc; name = WalmartAPIManager.m; path = Classes/Model/WalmartAPIManager.m; sourceTree = "<group>"; };
		ED812EA51C319C54001BA302 /* MasterViewController.h */ = {isa = PBXFileReference; fileEncoding = 4; lastKnownFileType = sourcecode.c.h; name = MasterViewController.h; path = Classes/UI/MasterViewController.h; sourceTree = "<group>"; };
		ED812EA61C319C54001BA302 /* MasterViewController.m */ = {isa = PBXFileReference; fileEncoding = 4; lastKnownFileType = sourcecode.c.objc; name = MasterViewController.m; path = Classes/UI/MasterViewController.m; sourceTree = "<group>"; };
		ED812EA81C319C62001BA302 /* ProductListTableViewCell.h */ = {isa = PBXFileReference; fileEncoding = 4; lastKnownFileType = sourcecode.c.h; name = ProductListTableViewCell.h; path = Classes/UI/ProductListTableViewCell.h; sourceTree = "<group>"; };
		ED812EA91C319C62001BA302 /* ProductListTableViewCell.m */ = {isa = PBXFileReference; fileEncoding = 4; lastKnownFileType = sourcecode.c.objc; name = ProductListTableViewCell.m; path = Classes/UI/ProductListTableViewCell.m; sourceTree = "<group>"; };
		ED812EAB1C319C72001BA302 /* DetailViewController.h */ = {isa = PBXFileReference; fileEncoding = 4; lastKnownFileType = sourcecode.c.h; name = DetailViewController.h; path = Classes/UI/DetailViewController.h; sourceTree = "<group>"; };
		ED812EAC1C319C72001BA302 /* DetailViewController.m */ = {isa = PBXFileReference; fileEncoding = 4; lastKnownFileType = sourcecode.c.objc; name = DetailViewController.m; path = Classes/UI/DetailViewController.m; sourceTree = "<group>"; };
		ED812EAE1C319C7F001BA302 /* MainDetailViewCell.h */ = {isa = PBXFileReference; fileEncoding = 4; lastKnownFileType = sourcecode.c.h; name = MainDetailViewCell.h; path = Classes/UI/MainDetailViewCell.h; sourceTree = "<group>"; };
		ED812EAF1C319C7F001BA302 /* MainDetailViewCell.m */ = {isa = PBXFileReference; fileEncoding = 4; lastKnownFileType = sourcecode.c.objc; name = MainDetailViewCell.m; path = Classes/UI/MainDetailViewCell.m; sourceTree = "<group>"; };
		ED812EB11C319C89001BA302 /* HTMLContentCell.h */ = {isa = PBXFileReference; fileEncoding = 4; lastKnownFileType = sourcecode.c.h; name = HTMLContentCell.h; path = Classes/UI/HTMLContentCell.h; sourceTree = "<group>"; };
		ED812EB21C319C89001BA302 /* HTMLContentCell.m */ = {isa = PBXFileReference; fileEncoding = 4; lastKnownFileType = sourcecode.c.objc; name = HTMLContentCell.m; path = Classes/UI/HTMLContentCell.m; sourceTree = "<group>"; };
		ED812EB41C319C94001BA302 /* StarRatingView.h */ = {isa = PBXFileReference; fileEncoding = 4; lastKnownFileType = sourcecode.c.h; name = StarRatingView.h; path = Classes/UI/StarRatingView.h; sourceTree = "<group>"; };
		ED812EB51C319C94001BA302 /* StarRatingView.m */ = {isa = PBXFileReference; fileEncoding = 4; lastKnownFileType = sourcecode.c.objc; name = StarRatingView.m; path = Classes/UI/StarRatingView.m; sourceTree = "<group>"; };
		ED812EB71C319C9E001BA302 /* VariableFontSizePriceView.h */ = {isa = PBXFileReference; fileEncoding = 4; lastKnownFileType = sourcecode.c.h; name = VariableFontSizePriceView.h; path = Classes/UI/VariableFontSizePriceView.h; sourceTree = "<group>"; };
		ED812EB81C319C9E001BA302 /* VariableFontSizePriceView.m */ = {isa = PBXFileReference; fileEncoding = 4; lastKnownFileType = sourcecode.c.objc; name = VariableFontSizePriceView.m; path = Classes/UI/VariableFontSizePriceView.m; sourceTree = "<group>"; };
		ED812EBA1C319CAE001BA302 /* ActivityIndicatorWithBezel.h */ = {isa = PBXFileReference; fileEncoding = 4; lastKnownFileType = sourcecode.c.h; name = ActivityIndicatorWithBezel.h; path = Classes/UI/ActivityIndicatorWithBezel.h; sourceTree = "<group>"; };
		ED812EBB1C319CAE001BA302 /* ActivityIndicatorWithBezel.m */ = {isa = PBXFileReference; fileEncoding = 4; lastKnownFileType = sourcecode.c.objc; name = ActivityIndicatorWithBezel.m; path = Classes/UI/ActivityIndicatorWithBezel.m; sourceTree = "<group>"; };
		ED812ED11C325B23001BA302 /* product_data.json */ = {isa = PBXFileReference; fileEncoding = 4; lastKnownFileType = text.json; name = product_data.json; path = Classes/Model/Mock/product_data.json; sourceTree = "<group>"; };
		ED812EDE1C325B71001BA302 /* WalmartAPIMockData.h */ = {isa = PBXFileReference; fileEncoding = 4; lastKnownFileType = sourcecode.c.h; name = WalmartAPIMockData.h; path = Classes/Model/Mock/WalmartAPIMockData.h; sourceTree = "<group>"; };
		ED812EDF1C325B71001BA302 /* WalmartAPIMockData.m */ = {isa = PBXFileReference; fileEncoding = 4; lastKnownFileType = sourcecode.c.objc; name = WalmartAPIMockData.m; path = Classes/Model/Mock/WalmartAPIMockData.m; sourceTree = "<group>"; };
		EDB958761C212FDE00764BC3 /* NavBarLogo.png */ = {isa = PBXFileReference; lastKnownFileType = image.png; name = NavBarLogo.png; path = Resources/Images/NavBarLogo.png; sourceTree = "<group>"; };
		EDB958771C212FDE00764BC3 /* NavBarLogo@2x.png */ = {isa = PBXFileReference; lastKnownFileType = image.png; name = "NavBarLogo@2x.png"; path = "Resources/Images/NavBarLogo@2x.png"; sourceTree = "<group>"; };
		EDB958781C212FDE00764BC3 /* NavBarLogo@3x.png */ = {isa = PBXFileReference; lastKnownFileType = image.png; name = "NavBarLogo@3x.png"; path = "Resources/Images/NavBarLogo@3x.png"; sourceTree = "<group>"; };
		EDDDA3791C20BA5D00F6C99D /* Walmart_THA.app */ = {isa = PBXFileReference; explicitFileType = wrapper.application; includeInIndex = 0; path = Walmart_THA.app; sourceTree = BUILT_PRODUCTS_DIR; };
		EDDDA37D1C20BA5D00F6C99D /* main.m */ = {isa = PBXFileReference; lastKnownFileType = sourcecode.c.objc; path = main.m; sourceTree = "<group>"; };
		EDDDA3881C20BA5D00F6C99D /* Assets.xcassets */ = {isa = PBXFileReference; lastKnownFileType = folder.assetcatalog; path = Assets.xcassets; sourceTree = "<group>"; };
		EDDDA38D1C20BA5D00F6C99D /* Info.plist */ = {isa = PBXFileReference; lastKnownFileType = text.plist.xml; path = Info.plist; sourceTree = "<group>"; };
/* End PBXFileReference section */

/* Begin PBXFrameworksBuildPhase section */
		EDDDA3761C20BA5D00F6C99D /* Frameworks */ = {
			isa = PBXFrameworksBuildPhase;
			buildActionMask = 2147483647;
			files = (
			);
			runOnlyForDeploymentPostprocessing = 0;
		};
/* End PBXFrameworksBuildPhase section */

/* Begin PBXGroup section */
		ED812EBD1C319D12001BA302 /* Extensions */ = {
			isa = PBXGroup;
			children = (
				ED812E921C319BF2001BA302 /* UIColor+ColorExtensions.h */,
				ED812E931C319BF2001BA302 /* UIColor+ColorExtensions.m */,
			);
			name = Extensions;
			sourceTree = "<group>";
		};
		ED812EBE1C319D2A001BA302 /* Model */ = {
			isa = PBXGroup;
			children = (
				ED812E991C319C1A001BA302 /* Product.h */,
				ED812E9A1C319C1A001BA302 /* Product.m */,
				ED812E9F1C319C33001BA302 /* ProductDataManager.h */,
				ED812EA01C319C33001BA302 /* ProductDataManager.m */,
				ED812E9C1C319C25001BA302 /* ProductJSONReader.h */,
				ED812E9D1C319C25001BA302 /* ProductJSONReader.m */,
				ED812E951C319C04001BA302 /* WalmartAPIManagerDelegate.h */,
				ED812EA21C319C40001BA302 /* WalmartAPIManager.h */,
				ED812EA31C319C40001BA302 /* WalmartAPIManager.m */,
				ED812EDD1C325B2A001BA302 /* Mock Data */,
			);
			name = Model;
			sourceTree = "<group>";
		};
		ED812EBF1C319D5C001BA302 /* UI */ = {
			isa = PBXGroup;
			children = (
				ED812EC61C31A27D001BA302 /* Common */,
				ED812EC41C31A245001BA302 /* Product List */,
				ED812EC51C31A259001BA302 /* Product Detail */,
			);
			name = UI;
			sourceTree = "<group>";
		};
		ED812EC01C319D67001BA302 /* Classes */ = {
			isa = PBXGroup;
			children = (
				ED812E961C319C0E001BA302 /* AppDelegate.h */,
				ED812E971C319C0E001BA302 /* AppDelegate.m */,
				ED812EBD1C319D12001BA302 /* Extensions */,
				ED812EBE1C319D2A001BA302 /* Model */,
				ED812EBF1C319D5C001BA302 /* UI */,
			);
			name = Classes;
			sourceTree = "<group>";
		};
		ED812EC41C31A245001BA302 /* Product List */ = {
			isa = PBXGroup;
			children = (
				ED812EA51C319C54001BA302 /* MasterViewController.h */,
				ED812EA61C319C54001BA302 /* MasterViewController.m */,
				ED812EA81C319C62001BA302 /* ProductListTableViewCell.h */,
				ED812EA91C319C62001BA302 /* ProductListTableViewCell.m */,
			);
			name = "Product List";
			sourceTree = "<group>";
		};
		ED812EC51C31A259001BA302 /* Product Detail */ = {
			isa = PBXGroup;
			children = (
				ED812EAB1C319C72001BA302 /* DetailViewController.h */,
				ED812EAC1C319C72001BA302 /* DetailViewController.m */,
				ED812EAE1C319C7F001BA302 /* MainDetailViewCell.h */,
				ED812EAF1C319C7F001BA302 /* MainDetailViewCell.m */,
				ED812EB11C319C89001BA302 /* HTMLContentCell.h */,
				ED812EB21C319C89001BA302 /* HTMLContentCell.m */,
			);
			name = "Product Detail";
			sourceTree = "<group>";
		};
		ED812EC61C31A27D001BA302 /* Common */ = {
			isa = PBXGroup;
			children = (
				ED812EBA1C319CAE001BA302 /* ActivityIndicatorWithBezel.h */,
				ED812EBB1C319CAE001BA302 /* ActivityIndicatorWithBezel.m */,
				ED812EB41C319C94001BA302 /* StarRatingView.h */,
				ED812EB51C319C94001BA302 /* StarRatingView.m */,
				ED812EB71C319C9E001BA302 /* VariableFontSizePriceView.h */,
				ED812EB81C319C9E001BA302 /* VariableFontSizePriceView.m */,
			);
			name = Common;
			sourceTree = "<group>";
		};
		ED812EDD1C325B2A001BA302 /* Mock Data */ = {
			isa = PBXGroup;
			children = (
				ED812EDE1C325B71001BA302 /* WalmartAPIMockData.h */,
				ED812EDF1C325B71001BA302 /* WalmartAPIMockData.m */,
				ED812ED11C325B23001BA302 /* product_data.json */,
			);
			name = "Mock Data";
			sourceTree = "<group>";
		};
		EDB958821C213FA500764BC3 /* Assets */ = {
			isa = PBXGroup;
			children = (
				EDB958761C212FDE00764BC3 /* NavBarLogo.png */,
				EDB958771C212FDE00764BC3 /* NavBarLogo@2x.png */,
				EDB958781C212FDE00764BC3 /* NavBarLogo@3x.png */,
				ED4D24931C23F21D00DE827A /* StarRatingMask.png */,
				ED4D24941C23F21D00DE827A /* StarRatingMask@2x.png */,
				ED4D24951C23F21D00DE827A /* StarRatingMask@3x.png */,
				EDDDA3881C20BA5D00F6C99D /* Assets.xcassets */,
			);
			name = Assets;
			sourceTree = "<group>";
		};
		EDDDA3701C20BA5D00F6C99D = {
			isa = PBXGroup;
			children = (
				EDDDA37B1C20BA5D00F6C99D /* Walmart_THA */,
				EDDDA37A1C20BA5D00F6C99D /* Products */,
			);
			sourceTree = "<group>";
		};
		EDDDA37A1C20BA5D00F6C99D /* Products */ = {
			isa = PBXGroup;
			children = (
				EDDDA3791C20BA5D00F6C99D /* Walmart_THA.app */,
			);
			name = Products;
			sourceTree = "<group>";
		};
		EDDDA37B1C20BA5D00F6C99D /* Walmart_THA */ = {
			isa = PBXGroup;
			children = (
				ED812EC01C319D67001BA302 /* Classes */,
				EDB958821C213FA500764BC3 /* Assets */,
				EDDDA37C1C20BA5D00F6C99D /* Supporting Files */,
			);
			path = Walmart_THA;
			sourceTree = "<group>";
		};
		EDDDA37C1C20BA5D00F6C99D /* Supporting Files */ = {
			isa = PBXGroup;
			children = (
				EDDDA37D1C20BA5D00F6C99D /* main.m */,
				EDDDA38D1C20BA5D00F6C99D /* Info.plist */,
			);
			name = "Supporting Files";
			sourceTree = "<group>";
		};
/* End PBXGroup section */

/* Begin PBXNativeTarget section */
		EDDDA3781C20BA5D00F6C99D /* Walmart_THA */ = {
			isa = PBXNativeTarget;
			buildConfigurationList = EDDDA3901C20BA5D00F6C99D /* Build configuration list for PBXNativeTarget "Walmart_THA" */;
			buildPhases = (
				EDDDA3751C20BA5D00F6C99D /* Sources */,
				EDDDA3761C20BA5D00F6C99D /* Frameworks */,
				EDDDA3771C20BA5D00F6C99D /* Resources */,
			);
			buildRules = (
			);
			dependencies = (
			);
			name = Walmart_THA;
			productName = Walmart_THA;
			productReference = EDDDA3791C20BA5D00F6C99D /* Walmart_THA.app */;
			productType = "com.apple.product-type.application";
		};
/* End PBXNativeTarget section */

/* Begin PBXProject section */
		EDDDA3711C20BA5D00F6C99D /* Project object */ = {
			isa = PBXProject;
			attributes = {
				LastUpgradeCheck = 0720;
				TargetAttributes = {
					EDDDA3781C20BA5D00F6C99D = {
						CreatedOnToolsVersion = 7.2;
					};
				};
			};
			buildConfigurationList = EDDDA3741C20BA5D00F6C99D /* Build configuration list for PBXProject "Walmart_THA" */;
			compatibilityVersion = "Xcode 3.2";
			developmentRegion = English;
			hasScannedForEncodings = 0;
			knownRegions = (
				en,
				Base,
			);
			mainGroup = EDDDA3701C20BA5D00F6C99D;
			productRefGroup = EDDDA37A1C20BA5D00F6C99D /* Products */;
			projectDirPath = "";
			projectRoot = "";
			targets = (
				EDDDA3781C20BA5D00F6C99D /* Walmart_THA */,
			);
		};
/* End PBXProject section */

/* Begin PBXResourcesBuildPhase section */
		EDDDA3771C20BA5D00F6C99D /* Resources */ = {
			isa = PBXResourcesBuildPhase;
			buildActionMask = 2147483647;
			files = (
				EDB9587A1C212FDE00764BC3 /* NavBarLogo@2x.png in Resources */,
				EDB958791C212FDE00764BC3 /* NavBarLogo.png in Resources */,
				EDB9587B1C212FDE00764BC3 /* NavBarLogo@3x.png in Resources */,
				EDDDA3891C20BA5D00F6C99D /* Assets.xcassets in Resources */,
				ED812EDC1C325B23001BA302 /* product_data.json in Resources */,
				ED4D24961C23F21D00DE827A /* StarRatingMask.png in Resources */,
				ED4D24981C23F21D00DE827A /* StarRatingMask@3x.png in Resources */,
				ED4D24971C23F21D00DE827A /* StarRatingMask@2x.png in Resources */,
			);
			runOnlyForDeploymentPostprocessing = 0;
		};
/* End PBXResourcesBuildPhase section */

/* Begin PBXSourcesBuildPhase section */
		EDDDA3751C20BA5D00F6C99D /* Sources */ = {
			isa = PBXSourcesBuildPhase;
			buildActionMask = 2147483647;
			files = (
				ED812E981C319C0E001BA302 /* AppDelegate.m in Sources */,
				ED812EB01C319C7F001BA302 /* MainDetailViewCell.m in Sources */,
				ED812E9B1C319C1A001BA302 /* Product.m in Sources */,
				ED812EAD1C319C72001BA302 /* DetailViewController.m in Sources */,
				ED812EA11C319C33001BA302 /* ProductDataManager.m in Sources */,
				ED812EE01C325B71001BA302 /* WalmartAPIMockData.m in Sources */,
				ED812EB61C319C94001BA302 /* StarRatingView.m in Sources */,
				ED812EAA1C319C62001BA302 /* ProductListTableViewCell.m in Sources */,
				EDDDA37E1C20BA5D00F6C99D /* main.m in Sources */,
				ED812E941C319BF2001BA302 /* UIColor+ColorExtensions.m in Sources */,
				ED812EA41C319C40001BA302 /* WalmartAPIManager.m in Sources */,
				ED812EBC1C319CAE001BA302 /* ActivityIndicatorWithBezel.m in Sources */,
				ED812EB91C319C9E001BA302 /* VariableFontSizePriceView.m in Sources */,
				ED812EB31C319C89001BA302 /* HTMLContentCell.m in Sources */,
				ED812EA71C319C54001BA302 /* MasterViewController.m in Sources */,
				ED812E9E1C319C25001BA302 /* ProductJSONReader.m in Sources */,
			);
			runOnlyForDeploymentPostprocessing = 0;
		};
/* End PBXSourcesBuildPhase section */

/* Begin XCBuildConfiguration section */
		EDDDA38E1C20BA5D00F6C99D /* Debug */ = {
			isa = XCBuildConfiguration;
			buildSettings = {
				ALWAYS_SEARCH_USER_PATHS = NO;
				CLANG_CXX_LANGUAGE_STANDARD = "gnu++0x";
				CLANG_CXX_LIBRARY = "libc++";
				CLANG_ENABLE_MODULES = YES;
				CLANG_ENABLE_OBJC_ARC = YES;
				CLANG_WARN_BOOL_CONVERSION = YES;
				CLANG_WARN_CONSTANT_CONVERSION = YES;
				CLANG_WARN_DIRECT_OBJC_ISA_USAGE = YES_ERROR;
				CLANG_WARN_EMPTY_BODY = YES;
				CLANG_WARN_ENUM_CONVERSION = YES;
				CLANG_WARN_INT_CONVERSION = YES;
				CLANG_WARN_OBJC_ROOT_CLASS = YES_ERROR;
				CLANG_WARN_UNREACHABLE_CODE = YES;
				CLANG_WARN__DUPLICATE_METHOD_MATCH = YES;
				"CODE_SIGN_IDENTITY[sdk=iphoneos*]" = "iPhone Developer";
				COPY_PHASE_STRIP = NO;
				DEBUG_INFORMATION_FORMAT = dwarf;
				ENABLE_STRICT_OBJC_MSGSEND = YES;
				ENABLE_TESTABILITY = YES;
				GCC_C_LANGUAGE_STANDARD = gnu99;
				GCC_DYNAMIC_NO_PIC = NO;
				GCC_NO_COMMON_BLOCKS = YES;
				GCC_OPTIMIZATION_LEVEL = 0;
				GCC_PREPROCESSOR_DEFINITIONS = (
					"DEBUG=1",
					"$(inherited)",
				);
				GCC_WARN_64_TO_32_BIT_CONVERSION = YES;
				GCC_WARN_ABOUT_RETURN_TYPE = YES_ERROR;
				GCC_WARN_UNDECLARED_SELECTOR = YES;
				GCC_WARN_UNINITIALIZED_AUTOS = YES_AGGRESSIVE;
				GCC_WARN_UNUSED_FUNCTION = YES;
				GCC_WARN_UNUSED_VARIABLE = YES;
				IPHONEOS_DEPLOYMENT_TARGET = 9.2;
				MTL_ENABLE_DEBUG_INFO = YES;
				ONLY_ACTIVE_ARCH = YES;
				SDKROOT = iphoneos;
				TARGETED_DEVICE_FAMILY = "1,2";
			};
			name = Debug;
		};
		EDDDA38F1C20BA5D00F6C99D /* Release */ = {
			isa = XCBuildConfiguration;
			buildSettings = {
				ALWAYS_SEARCH_USER_PATHS = NO;
				CLANG_CXX_LANGUAGE_STANDARD = "gnu++0x";
				CLANG_CXX_LIBRARY = "libc++";
				CLANG_ENABLE_MODULES = YES;
				CLANG_ENABLE_OBJC_ARC = YES;
				CLANG_WARN_BOOL_CONVERSION = YES;
				CLANG_WARN_CONSTANT_CONVERSION = YES;
				CLANG_WARN_DIRECT_OBJC_ISA_USAGE = YES_ERROR;
				CLANG_WARN_EMPTY_BODY = YES;
				CLANG_WARN_ENUM_CONVERSION = YES;
				CLANG_WARN_INT_CONVERSION = YES;
				CLANG_WARN_OBJC_ROOT_CLASS = YES_ERROR;
				CLANG_WARN_UNREACHABLE_CODE = YES;
				CLANG_WARN__DUPLICATE_METHOD_MATCH = YES;
				"CODE_SIGN_IDENTITY[sdk=iphoneos*]" = "iPhone Developer";
				COPY_PHASE_STRIP = NO;
				DEBUG_INFORMATION_FORMAT = "dwarf-with-dsym";
				ENABLE_NS_ASSERTIONS = NO;
				ENABLE_STRICT_OBJC_MSGSEND = YES;
				GCC_C_LANGUAGE_STANDARD = gnu99;
				GCC_NO_COMMON_BLOCKS = YES;
				GCC_WARN_64_TO_32_BIT_CONVERSION = YES;
				GCC_WARN_ABOUT_RETURN_TYPE = YES_ERROR;
				GCC_WARN_UNDECLARED_SELECTOR = YES;
				GCC_WARN_UNINITIALIZED_AUTOS = YES_AGGRESSIVE;
				GCC_WARN_UNUSED_FUNCTION = YES;
				GCC_WARN_UNUSED_VARIABLE = YES;
				IPHONEOS_DEPLOYMENT_TARGET = 9.2;
				MTL_ENABLE_DEBUG_INFO = NO;
				SDKROOT = iphoneos;
				TARGETED_DEVICE_FAMILY = "1,2";
				VALIDATE_PRODUCT = YES;
			};
			name = Release;
		};
		EDDDA3911C20BA5D00F6C99D /* Debug */ = {
			isa = XCBuildConfiguration;
			buildSettings = {
				ASSETCATALOG_COMPILER_APPICON_NAME = AppIcon;
				ASSETCATALOG_COMPILER_LAUNCHIMAGE_NAME = LaunchImage;
				INFOPLIST_FILE = Walmart_THA/Info.plist;
				IPHONEOS_DEPLOYMENT_TARGET = 9.0;
				LD_RUNPATH_SEARCH_PATHS = "$(inherited) @executable_path/Frameworks";
				PRODUCT_BUNDLE_IDENTIFIER = "JD.Walmart-THA";
				PRODUCT_NAME = "$(TARGET_NAME)";
			};
			name = Debug;
		};
		EDDDA3921C20BA5D00F6C99D /* Release */ = {
			isa = XCBuildConfiguration;
			buildSettings = {
				ASSETCATALOG_COMPILER_APPICON_NAME = AppIcon;
				ASSETCATALOG_COMPILER_LAUNCHIMAGE_NAME = LaunchImage;
				INFOPLIST_FILE = Walmart_THA/Info.plist;
				IPHONEOS_DEPLOYMENT_TARGET = 9.0;
				LD_RUNPATH_SEARCH_PATHS = "$(inherited) @executable_path/Frameworks";
				PRODUCT_BUNDLE_IDENTIFIER = "JD.Walmart-THA";
				PRODUCT_NAME = "$(TARGET_NAME)";
			};
			name = Release;
		};
/* End XCBuildConfiguration section */

/* Begin XCConfigurationList section */
		EDDDA3741C20BA5D00F6C99D /* Build configuration list for PBXProject "Walmart_THA" */ = {
			isa = XCConfigurationList;
			buildConfigurations = (
				EDDDA38E1C20BA5D00F6C99D /* Debug */,
				EDDDA38F1C20BA5D00F6C99D /* Release */,
			);
			defaultConfigurationIsVisible = 0;
			defaultConfigurationName = Release;
		};
		EDDDA3901C20BA5D00F6C99D /* Build configuration list for PBXNativeTarget "Walmart_THA" */ = {
			isa = XCConfigurationList;
			buildConfigurations = (
				EDDDA3911C20BA5D00F6C99D /* Debug */,
				EDDDA3921C20BA5D00F6C99D /* Release */,
			);
			defaultConfigurationIsVisible = 0;
			defaultConfigurationName = Release;
		};
/* End XCConfigurationList section */
	};
	rootObject = EDDDA3711C20BA5D00F6C99D /* Project object */;
}
